
Microsoft Visual Studio Solution File, Format Version 12.00
# Visual Studio Version 17
VisualStudioVersion = 17.3.32825.248
MinimumVisualStudioVersion = 10.0.40219.1
Project("{8BC9CEB8-8B4A-11D0-8D11-00A0C91BC942}") = "SETUP", "SETUP\SETUP.vcxproj", "{4D7D75E5-4F4A-45BE-A98E-44913A48BA0E}"
EndProject
Global
	GlobalSection(SolutionConfigurationPlatforms) = preSolution
		Debug|x64 = Debug|x64
		Debug|x86 = Debug|x86
		Release|x64 = Release|x64
		Release|x86 = Release|x86
	EndGlobalSection
	GlobalSection(ProjectConfigurationPlatforms) = postSolution
		{4D7D75E5-4F4A-45BE-A98E-44913A48BA0E}.Debug|x64.ActiveCfg = Debug|x64
		{4D7D75E5-4F4A-45BE-A98E-44913A48BA0E}.Debug|x64.Build.0 = Debug|x64
		{4D7D75E5-4F4A-45BE-A98E-44913A48BA0E}.Debug|x86.ActiveCfg = Debug|Win32
		{4D7D75E5-4F4A-45BE-A98E-44913A48BA0E}.Debug|x86.Build.0 = Debug|Win32
		{4D7D75E5-4F4A-45BE-A98E-44913A48BA0E}.Release|x64.ActiveCfg = Release|x64
		{4D7D75E5-4F4A-45BE-A98E-44913A48BA0E}.Release|x64.Build.0 = Release|x64
		{4D7D75E5-4F4A-45BE-A98E-44913A48BA0E}.Release|x86.ActiveCfg = Release|Win32
		{4D7D75E5-4F4A-45BE-A98E-44913A48BA0E}.Release|x86.Build.0 = Release|Win32
	EndGlobalSection
	GlobalSection(SolutionProperties) = preSolution
		HideSolutionNode = FALSE
	EndGlobalSection
	GlobalSection(ExtensibilityGlobals) = postSolution
		SolutionGuid = {74B5F9E6-50FB-4AE1-B52B-6C275C61775D}
	EndGlobalSection
EndGlobal
